
Microsoft Visual Studio Solution File, Format Version 12.00
# Visual Studio Version 17
VisualStudioVersion = 17.8.34511.84
MinimumVisualStudioVersion = 10.0.40219.1
Project("{FAE04EC0-301F-11D3-BF4B-00C04F79EFBC}") = "Lab9 exc 3", "Lab9 exc 3.csproj", "{9EDB824A-24CC-458A-8379-84195A57F838}"
EndProject
Global
	GlobalSection(SolutionConfigurationPlatforms) = preSolution
		Debug|Any CPU = Debug|Any CPU
		Release|Any CPU = Release|Any CPU
	EndGlobalSection
	GlobalSection(ProjectConfigurationPlatforms) = postSolution
		{9EDB824A-24CC-458A-8379-84195A57F838}.Debug|Any CPU.ActiveCfg = Debug|Any CPU
		{9EDB824A-24CC-458A-8379-84195A57F838}.Debug|Any CPU.Build.0 = Debug|Any CPU
		{9EDB824A-24CC-458A-8379-84195A57F838}.Release|Any CPU.ActiveCfg = Release|Any CPU
		{9EDB824A-24CC-458A-8379-84195A57F838}.Release|Any CPU.Build.0 = Release|Any CPU
	EndGlobalSection
	GlobalSection(SolutionProperties) = preSolution
		HideSolutionNode = FALSE
	EndGlobalSection
	GlobalSection(ExtensibilityGlobals) = postSolution
		SolutionGuid = {2286C79A-E32C-4205-ABBA-DAC3F80722FC}
	EndGlobalSection
EndGlobal
